// !$*UTF8*$!
{
	archiveVersion = 1;
	classes = {
	};
	objectVersion = 77;
	objects = {

/* Begin PBXContainerItemProxy section */
		B6A7184D2D9554F100B6E88B /* PBXContainerItemProxy */ = {
			isa = PBXContainerItemProxy;
			containerPortal = B6A718332D9554EE00B6E88B /* Project object */;
			proxyType = 1;
			remoteGlobalIDString = B6A7183A2D9554EE00B6E88B;
			remoteInfo = ConcurrencyByTutorialsVJ;
		};
		B6A718572D9554F100B6E88B /* PBXContainerItemProxy */ = {
			isa = PBXContainerItemProxy;
			containerPortal = B6A718332D9554EE00B6E88B /* Project object */;
			proxyType = 1;
			remoteGlobalIDString = B6A7183A2D9554EE00B6E88B;
			remoteInfo = ConcurrencyByTutorialsVJ;
		};
/* End PBXContainerItemProxy section */

/* Begin PBXFileReference section */
		B6A7183B2D9554EE00B6E88B /* ConcurrencyByTutorialsVJ.app */ = {isa = PBXFileReference; explicitFileType = wrapper.application; includeInIndex = 0; path = ConcurrencyByTutorialsVJ.app; sourceTree = BUILT_PRODUCTS_DIR; };
		B6A7184C2D9554F100B6E88B /* ConcurrencyByTutorialsVJTests.xctest */ = {isa = PBXFileReference; explicitFileType = wrapper.cfbundle; includeInIndex = 0; path = ConcurrencyByTutorialsVJTests.xctest; sourceTree = BUILT_PRODUCTS_DIR; };
		B6A718562D9554F100B6E88B /* ConcurrencyByTutorialsVJUITests.xctest */ = {isa = PBXFileReference; explicitFileType = wrapper.cfbundle; includeInIndex = 0; path = ConcurrencyByTutorialsVJUITests.xctest; sourceTree = BUILT_PRODUCTS_DIR; };
/* End PBXFileReference section */

/* Begin PBXFileSystemSynchronizedRootGroup section */
		B6A7183D2D9554EE00B6E88B /* ConcurrencyByTutorialsVJ */ = {
			isa = PBXFileSystemSynchronizedRootGroup;
			path = ConcurrencyByTutorialsVJ;
			sourceTree = "<group>";
		};
		B6A7184F2D9554F100B6E88B /* ConcurrencyByTutorialsVJTests */ = {
			isa = PBXFileSystemSynchronizedRootGroup;
			path = ConcurrencyByTutorialsVJTests;
			sourceTree = "<group>";
		};
		B6A718592D9554F100B6E88B /* ConcurrencyByTutorialsVJUITests */ = {
			isa = PBXFileSystemSynchronizedRootGroup;
			path = ConcurrencyByTutorialsVJUITests;
			sourceTree = "<group>";
		};
/* End PBXFileSystemSynchronizedRootGroup section */

/* Begin PBXFrameworksBuildPhase section */
		B6A718382D9554EE00B6E88B /* Frameworks */ = {
			isa = PBXFrameworksBuildPhase;
			buildActionMask = 2147483647;
			files = (
			);
			runOnlyForDeploymentPostprocessing = 0;
		};
		B6A718492D9554F100B6E88B /* Frameworks */ = {
			isa = PBXFrameworksBuildPhase;
			buildActionMask = 2147483647;
			files = (
			);
			runOnlyForDeploymentPostprocessing = 0;
		};
		B6A718532D9554F100B6E88B /* Frameworks */ = {
			isa = PBXFrameworksBuildPhase;
			buildActionMask = 2147483647;
			files = (
			);
			runOnlyForDeploymentPostprocessing = 0;
		};
/* End PBXFrameworksBuildPhase section */

/* Begin PBXGroup section */
		B6A718322D9554EE00B6E88B = {
			isa = PBXGroup;
			children = (
				B6A7183D2D9554EE00B6E88B /* ConcurrencyByTutorialsVJ */,
				B6A7184F2D9554F100B6E88B /* ConcurrencyByTutorialsVJTests */,
				B6A718592D9554F100B6E88B /* ConcurrencyByTutorialsVJUITests */,
				B6A7183C2D9554EE00B6E88B /* Products */,
			);
			sourceTree = "<group>";
		};
		B6A7183C2D9554EE00B6E88B /* Products */ = {
			isa = PBXGroup;
			children = (
				B6A7183B2D9554EE00B6E88B /* ConcurrencyByTutorialsVJ.app */,
				B6A7184C2D9554F100B6E88B /* ConcurrencyByTutorialsVJTests.xctest */,
				B6A718562D9554F100B6E88B /* ConcurrencyByTutorialsVJUITests.xctest */,
			);
			name = Products;
			sourceTree = "<group>";
		};
/* End PBXGroup section */

/* Begin PBXNativeTarget section */
		B6A7183A2D9554EE00B6E88B /* ConcurrencyByTutorialsVJ */ = {
			isa = PBXNativeTarget;
			buildConfigurationList = B6A718602D9554F200B6E88B /* Build configuration list for PBXNativeTarget "ConcurrencyByTutorialsVJ" */;
			buildPhases = (
				B6A718372D9554EE00B6E88B /* Sources */,
				B6A718382D9554EE00B6E88B /* Frameworks */,
				B6A718392D9554EE00B6E88B /* Resources */,
			);
			buildRules = (
			);
			dependencies = (
			);
			fileSystemSynchronizedGroups = (
				B6A7183D2D9554EE00B6E88B /* ConcurrencyByTutorialsVJ */,
			);
			name = ConcurrencyByTutorialsVJ;
			packageProductDependencies = (
			);
			productName = ConcurrencyByTutorialsVJ;
			productReference = B6A7183B2D9554EE00B6E88B /* ConcurrencyByTutorialsVJ.app */;
			productType = "com.apple.product-type.application";
		};
		B6A7184B2D9554F100B6E88B /* ConcurrencyByTutorialsVJTests */ = {
			isa = PBXNativeTarget;
			buildConfigurationList = B6A718632D9554F200B6E88B /* Build configuration list for PBXNativeTarget "ConcurrencyByTutorialsVJTests" */;
			buildPhases = (
				B6A718482D9554F100B6E88B /* Sources */,
				B6A718492D9554F100B6E88B /* Frameworks */,
				B6A7184A2D9554F100B6E88B /* Resources */,
			);
			buildRules = (
			);
			dependencies = (
				B6A7184E2D9554F100B6E88B /* PBXTargetDependency */,
			);
			fileSystemSynchronizedGroups = (
				B6A7184F2D9554F100B6E88B /* ConcurrencyByTutorialsVJTests */,
			);
			name = ConcurrencyByTutorialsVJTests;
			packageProductDependencies = (
			);
			productName = ConcurrencyByTutorialsVJTests;
			productReference = B6A7184C2D9554F100B6E88B /* ConcurrencyByTutorialsVJTests.xctest */;
			productType = "com.apple.product-type.bundle.unit-test";
		};
		B6A718552D9554F100B6E88B /* ConcurrencyByTutorialsVJUITests */ = {
			isa = PBXNativeTarget;
			buildConfigurationList = B6A718662D9554F200B6E88B /* Build configuration list for PBXNativeTarget "ConcurrencyByTutorialsVJUITests" */;
			buildPhases = (
				B6A718522D9554F100B6E88B /* Sources */,
				B6A718532D9554F100B6E88B /* Frameworks */,
				B6A718542D9554F100B6E88B /* Resources */,
			);
			buildRules = (
			);
			dependencies = (
				B6A718582D9554F100B6E88B /* PBXTargetDependency */,
			);
			fileSystemSynchronizedGroups = (
				B6A718592D9554F100B6E88B /* ConcurrencyByTutorialsVJUITests */,
			);
			name = ConcurrencyByTutorialsVJUITests;
			packageProductDependencies = (
			);
			productName = ConcurrencyByTutorialsVJUITests;
			productReference = B6A718562D9554F100B6E88B /* ConcurrencyByTutorialsVJUITests.xctest */;
			productType = "com.apple.product-type.bundle.ui-testing";
		};
/* End PBXNativeTarget section */

/* Begin PBXProject section */
		B6A718332D9554EE00B6E88B /* Project object */ = {
			isa = PBXProject;
			attributes = {
				BuildIndependentTargetsInParallel = 1;
				LastSwiftUpdateCheck = 1620;
				LastUpgradeCheck = 1620;
				TargetAttributes = {
					B6A7183A2D9554EE00B6E88B = {
						CreatedOnToolsVersion = 16.2;
					};
					B6A7184B2D9554F100B6E88B = {
						CreatedOnToolsVersion = 16.2;
						TestTargetID = B6A7183A2D9554EE00B6E88B;
					};
					B6A718552D9554F100B6E88B = {
						CreatedOnToolsVersion = 16.2;
						TestTargetID = B6A7183A2D9554EE00B6E88B;
					};
				};
			};
			buildConfigurationList = B6A718362D9554EE00B6E88B /* Build configuration list for PBXProject "ConcurrencyByTutorialsVJ" */;
			developmentRegion = en;
			hasScannedForEncodings = 0;
			knownRegions = (
				en,
				Base,
			);
			mainGroup = B6A718322D9554EE00B6E88B;
			minimizedProjectReferenceProxies = 1;
			preferredProjectObjectVersion = 77;
			productRefGroup = B6A7183C2D9554EE00B6E88B /* Products */;
			projectDirPath = "";
			projectRoot = "";
			targets = (
				B6A7183A2D9554EE00B6E88B /* ConcurrencyByTutorialsVJ */,
				B6A7184B2D9554F100B6E88B /* ConcurrencyByTutorialsVJTests */,
				B6A718552D9554F100B6E88B /* ConcurrencyByTutorialsVJUITests */,
			);
		};
/* End PBXProject section */

/* Begin PBXResourcesBuildPhase section */
		B6A718392D9554EE00B6E88B /* Resources */ = {
			isa = PBXResourcesBuildPhase;
			buildActionMask = 2147483647;
			files = (
			);
			runOnlyForDeploymentPostprocessing = 0;
		};
		B6A7184A2D9554F100B6E88B /* Resources */ = {
			isa = PBXResourcesBuildPhase;
			buildActionMask = 2147483647;
			files = (
			);
			runOnlyForDeploymentPostprocessing = 0;
		};
		B6A718542D9554F100B6E88B /* Resources */ = {
			isa = PBXResourcesBuildPhase;
			buildActionMask = 2147483647;
			files = (
			);
			runOnlyForDeploymentPostprocessing = 0;
		};
/* End PBXResourcesBuildPhase section */

/* Begin PBXSourcesBuildPhase section */
		B6A718372D9554EE00B6E88B /* Sources */ = {
			isa = PBXSourcesBuildPhase;
			buildActionMask = 2147483647;
			files = (
			);
			runOnlyForDeploymentPostprocessing = 0;
		};
		B6A718482D9554F100B6E88B /* Sources */ = {
			isa = PBXSourcesBuildPhase;
			buildActionMask = 2147483647;
			files = (
			);
			runOnlyForDeploymentPostprocessing = 0;
		};
		B6A718522D9554F100B6E88B /* Sources */ = {
			isa = PBXSourcesBuildPhase;
			buildActionMask = 2147483647;
			files = (
			);
			runOnlyForDeploymentPostprocessing = 0;
		};
/* End PBXSourcesBuildPhase section */

/* Begin PBXTargetDependency section */
		B6A7184E2D9554F100B6E88B /* PBXTargetDependency */ = {
			isa = PBXTargetDependency;
			target = B6A7183A2D9554EE00B6E88B /* ConcurrencyByTutorialsVJ */;
			targetProxy = B6A7184D2D9554F100B6E88B /* PBXContainerItemProxy */;
		};
		B6A718582D9554F100B6E88B /* PBXTargetDependency */ = {
			isa = PBXTargetDependency;
			target = B6A7183A2D9554EE00B6E88B /* ConcurrencyByTutorialsVJ */;
			targetProxy = B6A718572D9554F100B6E88B /* PBXContainerItemProxy */;
		};
/* End PBXTargetDependency section */

/* Begin XCBuildConfiguration section */
		B6A7185E2D9554F200B6E88B /* Debug */ = {
			isa = XCBuildConfiguration;
			buildSettings = {
				ALWAYS_SEARCH_USER_PATHS = NO;
				ASSETCATALOG_COMPILER_GENERATE_SWIFT_ASSET_SYMBOL_EXTENSIONS = YES;
				CLANG_ANALYZER_NONNULL = YES;
				CLANG_ANALYZER_NUMBER_OBJECT_CONVERSION = YES_AGGRESSIVE;
				CLANG_CXX_LANGUAGE_STANDARD = "gnu++20";
				CLANG_ENABLE_MODULES = YES;
				CLANG_ENABLE_OBJC_ARC = YES;
				CLANG_ENABLE_OBJC_WEAK = YES;
				CLANG_WARN_BLOCK_CAPTURE_AUTORELEASING = YES;
				CLANG_WARN_BOOL_CONVERSION = YES;
				CLANG_WARN_COMMA = YES;
				CLANG_WARN_CONSTANT_CONVERSION = YES;
				CLANG_WARN_DEPRECATED_OBJC_IMPLEMENTATIONS = YES;
				CLANG_WARN_DIRECT_OBJC_ISA_USAGE = YES_ERROR;
				CLANG_WARN_DOCUMENTATION_COMMENTS = YES;
				CLANG_WARN_EMPTY_BODY = YES;
				CLANG_WARN_ENUM_CONVERSION = YES;
				CLANG_WARN_INFINITE_RECURSION = YES;
				CLANG_WARN_INT_CONVERSION = YES;
				CLANG_WARN_NON_LITERAL_NULL_CONVERSION = YES;
				CLANG_WARN_OBJC_IMPLICIT_RETAIN_SELF = YES;
				CLANG_WARN_OBJC_LITERAL_CONVERSION = YES;
				CLANG_WARN_OBJC_ROOT_CLASS = YES_ERROR;
				CLANG_WARN_QUOTED_INCLUDE_IN_FRAMEWORK_HEADER = YES;
				CLANG_WARN_RANGE_LOOP_ANALYSIS = YES;
				CLANG_WARN_STRICT_PROTOTYPES = YES;
				CLANG_WARN_SUSPICIOUS_MOVE = YES;
				CLANG_WARN_UNGUARDED_AVAILABILITY = YES_AGGRESSIVE;
				CLANG_WARN_UNREACHABLE_CODE = YES;
				CLANG_WARN__DUPLICATE_METHOD_MATCH = YES;
				COPY_PHASE_STRIP = NO;
				DEBUG_INFORMATION_FORMAT = dwarf;
				ENABLE_STRICT_OBJC_MSGSEND = YES;
				ENABLE_TESTABILITY = YES;
				ENABLE_USER_SCRIPT_SANDBOXING = YES;
				GCC_C_LANGUAGE_STANDARD = gnu17;
				GCC_DYNAMIC_NO_PIC = NO;
				GCC_NO_COMMON_BLOCKS = YES;
				GCC_OPTIMIZATION_LEVEL = 0;
				GCC_PREPROCESSOR_DEFINITIONS = (
					"DEBUG=1",
					"$(inherited)",
				);
				GCC_WARN_64_TO_32_BIT_CONVERSION = YES;
				GCC_WARN_ABOUT_RETURN_TYPE = YES_ERROR;
				GCC_WARN_UNDECLARED_SELECTOR = YES;
				GCC_WARN_UNINITIALIZED_AUTOS = YES_AGGRESSIVE;
				GCC_WARN_UNUSED_FUNCTION = YES;
				GCC_WARN_UNUSED_VARIABLE = YES;
				LOCALIZATION_PREFERS_STRING_CATALOGS = YES;
				MTL_ENABLE_DEBUG_INFO = INCLUDE_SOURCE;
				MTL_FAST_MATH = YES;
				ONLY_ACTIVE_ARCH = YES;
				SWIFT_ACTIVE_COMPILATION_CONDITIONS = "DEBUG $(inherited)";
				SWIFT_OPTIMIZATION_LEVEL = "-Onone";
			};
			name = Debug;
		};
		B6A7185F2D9554F200B6E88B /* Release */ = {
			isa = XCBuildConfiguration;
			buildSettings = {
				ALWAYS_SEARCH_USER_PATHS = NO;
				ASSETCATALOG_COMPILER_GENERATE_SWIFT_ASSET_SYMBOL_EXTENSIONS = YES;
				CLANG_ANALYZER_NONNULL = YES;
				CLANG_ANALYZER_NUMBER_OBJECT_CONVERSION = YES_AGGRESSIVE;
				CLANG_CXX_LANGUAGE_STANDARD = "gnu++20";
				CLANG_ENABLE_MODULES = YES;
				CLANG_ENABLE_OBJC_ARC = YES;
				CLANG_ENABLE_OBJC_WEAK = YES;
				CLANG_WARN_BLOCK_CAPTURE_AUTORELEASING = YES;
				CLANG_WARN_BOOL_CONVERSION = YES;
				CLANG_WARN_COMMA = YES;
				CLANG_WARN_CONSTANT_CONVERSION = YES;
				CLANG_WARN_DEPRECATED_OBJC_IMPLEMENTATIONS = YES;
				CLANG_WARN_DIRECT_OBJC_ISA_USAGE = YES_ERROR;
				CLANG_WARN_DOCUMENTATION_COMMENTS = YES;
				CLANG_WARN_EMPTY_BODY = YES;
				CLANG_WARN_ENUM_CONVERSION = YES;
				CLANG_WARN_INFINITE_RECURSION = YES;
				CLANG_WARN_INT_CONVERSION = YES;
				CLANG_WARN_NON_LITERAL_NULL_CONVERSION = YES;
				CLANG_WARN_OBJC_IMPLICIT_RETAIN_SELF = YES;
				CLANG_WARN_OBJC_LITERAL_CONVERSION = YES;
				CLANG_WARN_OBJC_ROOT_CLASS = YES_ERROR;
				CLANG_WARN_QUOTED_INCLUDE_IN_FRAMEWORK_HEADER = YES;
				CLANG_WARN_RANGE_LOOP_ANALYSIS = YES;
				CLANG_WARN_STRICT_PROTOTYPES = YES;
				CLANG_WARN_SUSPICIOUS_MOVE = YES;
				CLANG_WARN_UNGUARDED_AVAILABILITY = YES_AGGRESSIVE;
				CLANG_WARN_UNREACHABLE_CODE = YES;
				CLANG_WARN__DUPLICATE_METHOD_MATCH = YES;
				COPY_PHASE_STRIP = NO;
				DEBUG_INFORMATION_FORMAT = "dwarf-with-dsym";
				ENABLE_NS_ASSERTIONS = NO;
				ENABLE_STRICT_OBJC_MSGSEND = YES;
				ENABLE_USER_SCRIPT_SANDBOXING = YES;
				GCC_C_LANGUAGE_STANDARD = gnu17;
				GCC_NO_COMMON_BLOCKS = YES;
				GCC_WARN_64_TO_32_BIT_CONVERSION = YES;
				GCC_WARN_ABOUT_RETURN_TYPE = YES_ERROR;
				GCC_WARN_UNDECLARED_SELECTOR = YES;
				GCC_WARN_UNINITIALIZED_AUTOS = YES_AGGRESSIVE;
				GCC_WARN_UNUSED_FUNCTION = YES;
				GCC_WARN_UNUSED_VARIABLE = YES;
				LOCALIZATION_PREFERS_STRING_CATALOGS = YES;
				MTL_ENABLE_DEBUG_INFO = NO;
				MTL_FAST_MATH = YES;
				SWIFT_COMPILATION_MODE = wholemodule;
			};
			name = Release;
		};
		B6A718612D9554F200B6E88B /* Debug */ = {
			isa = XCBuildConfiguration;
			buildSettings = {
				ASSETCATALOG_COMPILER_APPICON_NAME = AppIcon;
				ASSETCATALOG_COMPILER_GLOBAL_ACCENT_COLOR_NAME = AccentColor;
				CODE_SIGN_ENTITLEMENTS = ConcurrencyByTutorialsVJ/ConcurrencyByTutorialsVJ.entitlements;
				CODE_SIGN_STYLE = Automatic;
				CURRENT_PROJECT_VERSION = 1;
				DEVELOPMENT_ASSET_PATHS = "\"ConcurrencyByTutorialsVJ/Preview Content\"";
				ENABLE_PREVIEWS = YES;
				GENERATE_INFOPLIST_FILE = YES;
				"INFOPLIST_KEY_UIApplicationSceneManifest_Generation[sdk=iphoneos*]" = YES;
				"INFOPLIST_KEY_UIApplicationSceneManifest_Generation[sdk=iphonesimulator*]" = YES;
				"INFOPLIST_KEY_UIApplicationSupportsIndirectInputEvents[sdk=iphoneos*]" = YES;
				"INFOPLIST_KEY_UIApplicationSupportsIndirectInputEvents[sdk=iphonesimulator*]" = YES;
				"INFOPLIST_KEY_UILaunchScreen_Generation[sdk=iphoneos*]" = YES;
				"INFOPLIST_KEY_UILaunchScreen_Generation[sdk=iphonesimulator*]" = YES;
				"INFOPLIST_KEY_UIStatusBarStyle[sdk=iphoneos*]" = UIStatusBarStyleDefault;
				"INFOPLIST_KEY_UIStatusBarStyle[sdk=iphonesimulator*]" = UIStatusBarStyleDefault;
				INFOPLIST_KEY_UISupportedInterfaceOrientations_iPad = "UIInterfaceOrientationPortrait UIInterfaceOrientationPortraitUpsideDown UIInterfaceOrientationLandscapeLeft UIInterfaceOrientationLandscapeRight";
				INFOPLIST_KEY_UISupportedInterfaceOrientations_iPhone = "UIInterfaceOrientationPortrait UIInterfaceOrientationLandscapeLeft UIInterfaceOrientationLandscapeRight";
				IPHONEOS_DEPLOYMENT_TARGET = 18.2;
				LD_RUNPATH_SEARCH_PATHS = "@executable_path/Frameworks";
				"LD_RUNPATH_SEARCH_PATHS[sdk=macosx*]" = "@executable_path/../Frameworks";
				MACOSX_DEPLOYMENT_TARGET = 15.2;
				MARKETING_VERSION = 1.0;
				PRODUCT_BUNDLE_IDENTIFIER = com.test.ConcurrencyByTutorialsVJ;
				PRODUCT_NAME = "$(TARGET_NAME)";
				SDKROOT = auto;
				SUPPORTED_PLATFORMS = "iphoneos iphonesimulator macosx xros xrsimulator";
				SWIFT_EMIT_LOC_STRINGS = YES;
				SWIFT_VERSION = 5.0;
				TARGETED_DEVICE_FAMILY = "1,2,7";
				XROS_DEPLOYMENT_TARGET = 2.2;
			};
			name = Debug;
		};
		B6A718622D9554F200B6E88B /* Release */ = {
			isa = XCBuildConfiguration;
			buildSettings = {
				ASSETCATALOG_COMPILER_APPICON_NAME = AppIcon;
				ASSETCATALOG_COMPILER_GLOBAL_ACCENT_COLOR_NAME = AccentColor;
				CODE_SIGN_ENTITLEMENTS = ConcurrencyByTutorialsVJ/ConcurrencyByTutorialsVJ.entitlements;
				CODE_SIGN_STYLE = Automatic;
				CURRENT_PROJECT_VERSION = 1;
				DEVELOPMENT_ASSET_PATHS = "\"ConcurrencyByTutorialsVJ/Preview Content\"";
				ENABLE_PREVIEWS = YES;
				GENERATE_INFOPLIST_FILE = YES;
				"INFOPLIST_KEY_UIApplicationSceneManifest_Generation[sdk=iphoneos*]" = YES;
				"INFOPLIST_KEY_UIApplicationSceneManifest_Generation[sdk=iphonesimulator*]" = YES;
				"INFOPLIST_KEY_UIApplicationSupportsIndirectInputEvents[sdk=iphoneos*]" = YES;
				"INFOPLIST_KEY_UIApplicationSupportsIndirectInputEvents[sdk=iphonesimulator*]" = YES;
				"INFOPLIST_KEY_UILaunchScreen_Generation[sdk=iphoneos*]" = YES;
				"INFOPLIST_KEY_UILaunchScreen_Generation[sdk=iphonesimulator*]" = YES;
				"INFOPLIST_KEY_UIStatusBarStyle[sdk=iphoneos*]" = UIStatusBarStyleDefault;
				"INFOPLIST_KEY_UIStatusBarStyle[sdk=iphonesimulator*]" = UIStatusBarStyleDefault;
				INFOPLIST_KEY_UISupportedInterfaceOrientations_iPad = "UIInterfaceOrientationPortrait UIInterfaceOrientationPortraitUpsideDown UIInterfaceOrientationLandscapeLeft UIInterfaceOrientationLandscapeRight";
				INFOPLIST_KEY_UISupportedInterfaceOrientations_iPhone = "UIInterfaceOrientationPortrait UIInterfaceOrientationLandscapeLeft UIInterfaceOrientationLandscapeRight";
				IPHONEOS_DEPLOYMENT_TARGET = 18.2;
				LD_RUNPATH_SEARCH_PATHS = "@executable_path/Frameworks";
				"LD_RUNPATH_SEARCH_PATHS[sdk=macosx*]" = "@executable_path/../Frameworks";
				MACOSX_DEPLOYMENT_TARGET = 15.2;
				MARKETING_VERSION = 1.0;
				PRODUCT_BUNDLE_IDENTIFIER = com.test.ConcurrencyByTutorialsVJ;
				PRODUCT_NAME = "$(TARGET_NAME)";
				SDKROOT = auto;
				SUPPORTED_PLATFORMS = "iphoneos iphonesimulator macosx xros xrsimulator";
				SWIFT_EMIT_LOC_STRINGS = YES;
				SWIFT_VERSION = 5.0;
				TARGETED_DEVICE_FAMILY = "1,2,7";
				XROS_DEPLOYMENT_TARGET = 2.2;
			};
			name = Release;
		};
		B6A718642D9554F200B6E88B /* Debug */ = {
			isa = XCBuildConfiguration;
			buildSettings = {
				BUNDLE_LOADER = "$(TEST_HOST)";
				CODE_SIGN_STYLE = Automatic;
				CURRENT_PROJECT_VERSION = 1;
				GENERATE_INFOPLIST_FILE = YES;
				IPHONEOS_DEPLOYMENT_TARGET = 18.2;
				MACOSX_DEPLOYMENT_TARGET = 15.2;
				MARKETING_VERSION = 1.0;
				PRODUCT_BUNDLE_IDENTIFIER = com.test.ConcurrencyByTutorialsVJTests;
				PRODUCT_NAME = "$(TARGET_NAME)";
				SDKROOT = auto;
				SUPPORTED_PLATFORMS = "iphoneos iphonesimulator macosx xros xrsimulator";
				SWIFT_EMIT_LOC_STRINGS = NO;
				SWIFT_VERSION = 5.0;
				TARGETED_DEVICE_FAMILY = "1,2,7";
				TEST_HOST = "$(BUILT_PRODUCTS_DIR)/ConcurrencyByTutorialsVJ.app/$(BUNDLE_EXECUTABLE_FOLDER_PATH)/ConcurrencyByTutorialsVJ";
				XROS_DEPLOYMENT_TARGET = 2.2;
			};
			name = Debug;
		};
		B6A718652D9554F200B6E88B /* Release */ = {
			isa = XCBuildConfiguration;
			buildSettings = {
				BUNDLE_LOADER = "$(TEST_HOST)";
				CODE_SIGN_STYLE = Automatic;
				CURRENT_PROJECT_VERSION = 1;
				GENERATE_INFOPLIST_FILE = YES;
				IPHONEOS_DEPLOYMENT_TARGET = 18.2;
				MACOSX_DEPLOYMENT_TARGET = 15.2;
				MARKETING_VERSION = 1.0;
				PRODUCT_BUNDLE_IDENTIFIER = com.test.ConcurrencyByTutorialsVJTests;
				PRODUCT_NAME = "$(TARGET_NAME)";
				SDKROOT = auto;
				SUPPORTED_PLATFORMS = "iphoneos iphonesimulator macosx xros xrsimulator";
				SWIFT_EMIT_LOC_STRINGS = NO;
				SWIFT_VERSION = 5.0;
				TARGETED_DEVICE_FAMILY = "1,2,7";
				TEST_HOST = "$(BUILT_PRODUCTS_DIR)/ConcurrencyByTutorialsVJ.app/$(BUNDLE_EXECUTABLE_FOLDER_PATH)/ConcurrencyByTutorialsVJ";
				XROS_DEPLOYMENT_TARGET = 2.2;
			};
			name = Release;
		};
		B6A718672D9554F200B6E88B /* Debug */ = {
			isa = XCBuildConfiguration;
			buildSettings = {
				CODE_SIGN_STYLE = Automatic;
				CURRENT_PROJECT_VERSION = 1;
				GENERATE_INFOPLIST_FILE = YES;
				IPHONEOS_DEPLOYMENT_TARGET = 18.2;
				MACOSX_DEPLOYMENT_TARGET = 15.2;
				MARKETING_VERSION = 1.0;
				PRODUCT_BUNDLE_IDENTIFIER = com.test.ConcurrencyByTutorialsVJUITests;
				PRODUCT_NAME = "$(TARGET_NAME)";
				SDKROOT = auto;
				SUPPORTED_PLATFORMS = "iphoneos iphonesimulator macosx xros xrsimulator";
				SWIFT_EMIT_LOC_STRINGS = NO;
				SWIFT_VERSION = 5.0;
				TARGETED_DEVICE_FAMILY = "1,2,7";
				TEST_TARGET_NAME = ConcurrencyByTutorialsVJ;
				XROS_DEPLOYMENT_TARGET = 2.2;
			};
			name = Debug;
		};
		B6A718682D9554F200B6E88B /* Release */ = {
			isa = XCBuildConfiguration;
			buildSettings = {
				CODE_SIGN_STYLE = Automatic;
				CURRENT_PROJECT_VERSION = 1;
				GENERATE_INFOPLIST_FILE = YES;
				IPHONEOS_DEPLOYMENT_TARGET = 18.2;
				MACOSX_DEPLOYMENT_TARGET = 15.2;
				MARKETING_VERSION = 1.0;
				PRODUCT_BUNDLE_IDENTIFIER = com.test.ConcurrencyByTutorialsVJUITests;
				PRODUCT_NAME = "$(TARGET_NAME)";
				SDKROOT = auto;
				SUPPORTED_PLATFORMS = "iphoneos iphonesimulator macosx xros xrsimulator";
				SWIFT_EMIT_LOC_STRINGS = NO;
				SWIFT_VERSION = 5.0;
				TARGETED_DEVICE_FAMILY = "1,2,7";
				TEST_TARGET_NAME = ConcurrencyByTutorialsVJ;
				XROS_DEPLOYMENT_TARGET = 2.2;
			};
			name = Release;
		};
/* End XCBuildConfiguration section */

/* Begin XCConfigurationList section */
		B6A718362D9554EE00B6E88B /* Build configuration list for PBXProject "ConcurrencyByTutorialsVJ" */ = {
			isa = XCConfigurationList;
			buildConfigurations = (
				B6A7185E2D9554F200B6E88B /* Debug */,
				B6A7185F2D9554F200B6E88B /* Release */,
			);
			defaultConfigurationIsVisible = 0;
			defaultConfigurationName = Release;
		};
		B6A718602D9554F200B6E88B /* Build configuration list for PBXNativeTarget "ConcurrencyByTutorialsVJ" */ = {
			isa = XCConfigurationList;
			buildConfigurations = (
				B6A718612D9554F200B6E88B /* Debug */,
				B6A718622D9554F200B6E88B /* Release */,
			);
			defaultConfigurationIsVisible = 0;
			defaultConfigurationName = Release;
		};
		B6A718632D9554F200B6E88B /* Build configuration list for PBXNativeTarget "ConcurrencyByTutorialsVJTests" */ = {
			isa = XCConfigurationList;
			buildConfigurations = (
				B6A718642D9554F200B6E88B /* Debug */,
				B6A718652D9554F200B6E88B /* Release */,
			);
			defaultConfigurationIsVisible = 0;
			defaultConfigurationName = Release;
		};
		B6A718662D9554F200B6E88B /* Build configuration list for PBXNativeTarget "ConcurrencyByTutorialsVJUITests" */ = {
			isa = XCConfigurationList;
			buildConfigurations = (
				B6A718672D9554F200B6E88B /* Debug */,
				B6A718682D9554F200B6E88B /* Release */,
			);
			defaultConfigurationIsVisible = 0;
			defaultConfigurationName = Release;
		};
/* End XCConfigurationList section */
	};
	rootObject = B6A718332D9554EE00B6E88B /* Project object */;
}
